
Microsoft Visual Studio Solution File, Format Version 12.00
# Visual Studio Version 17
VisualStudioVersion = 17.12.35527.113
MinimumVisualStudioVersion = 10.0.40219.1
Project("{FAE04EC0-301F-11D3-BF4B-00C04F79EFBC}") = "ProductClientHub.API", "ProductClientHub.API\ProductClientHub.API.csproj", "{9B9EFB82-8333-4028-974C-66BA870085BA}"
EndProject
Project("{FAE04EC0-301F-11D3-BF4B-00C04F79EFBC}") = "ProductClientHub.Communication", "ProductClientHub.Communication\ProductClientHub.Communication.csproj", "{A2D88BA3-B8DB-4526-8175-DB4FF8A7018E}"
EndProject
Project("{FAE04EC0-301F-11D3-BF4B-00C04F79EFBC}") = "ProductClientHub.Exceptions", "ProductClientHub.Exceptions\ProductClientHub.Exceptions.csproj", "{EFB48E0D-0BC7-4119-9173-622FE41664AF}"
EndProject
Global
	GlobalSection(SolutionConfigurationPlatforms) = preSolution
		Debug|Any CPU = Debug|Any CPU
		Release|Any CPU = Release|Any CPU
	EndGlobalSection
	GlobalSection(ProjectConfigurationPlatforms) = postSolution
		{9B9EFB82-8333-4028-974C-66BA870085BA}.Debug|Any CPU.ActiveCfg = Debug|Any CPU
		{9B9EFB82-8333-4028-974C-66BA870085BA}.Debug|Any CPU.Build.0 = Debug|Any CPU
		{9B9EFB82-8333-4028-974C-66BA870085BA}.Release|Any CPU.ActiveCfg = Release|Any CPU
		{9B9EFB82-8333-4028-974C-66BA870085BA}.Release|Any CPU.Build.0 = Release|Any CPU
		{A2D88BA3-B8DB-4526-8175-DB4FF8A7018E}.Debug|Any CPU.ActiveCfg = Debug|Any CPU
		{A2D88BA3-B8DB-4526-8175-DB4FF8A7018E}.Debug|Any CPU.Build.0 = Debug|Any CPU
		{A2D88BA3-B8DB-4526-8175-DB4FF8A7018E}.Release|Any CPU.ActiveCfg = Release|Any CPU
		{A2D88BA3-B8DB-4526-8175-DB4FF8A7018E}.Release|Any CPU.Build.0 = Release|Any CPU
		{EFB48E0D-0BC7-4119-9173-622FE41664AF}.Debug|Any CPU.ActiveCfg = Debug|Any CPU
		{EFB48E0D-0BC7-4119-9173-622FE41664AF}.Debug|Any CPU.Build.0 = Debug|Any CPU
		{EFB48E0D-0BC7-4119-9173-622FE41664AF}.Release|Any CPU.ActiveCfg = Release|Any CPU
		{EFB48E0D-0BC7-4119-9173-622FE41664AF}.Release|Any CPU.Build.0 = Release|Any CPU
	EndGlobalSection
	GlobalSection(SolutionProperties) = preSolution
		HideSolutionNode = FALSE
	EndGlobalSection
EndGlobal
